
Microsoft Visual Studio Solution File, Format Version 12.00
Project("{FAE04EC0-301F-11D3-BF4B-00C04F79EFBC}") = "SlowoWiaryWarszawaBot", "SlowoWiaryWarszawaBot\SlowoWiaryWarszawaBot.csproj", "{CA08C076-FB4E-4D2E-BFB9-E8F19D3E416E}"
EndProject
Global
	GlobalSection(SolutionConfigurationPlatforms) = preSolution
		Debug|Any CPU = Debug|Any CPU
		Release|Any CPU = Release|Any CPU
	EndGlobalSection
	GlobalSection(ProjectConfigurationPlatforms) = postSolution
		{CA08C076-FB4E-4D2E-BFB9-E8F19D3E416E}.Debug|Any CPU.ActiveCfg = Debug|Any CPU
		{CA08C076-FB4E-4D2E-BFB9-E8F19D3E416E}.Debug|Any CPU.Build.0 = Debug|Any CPU
		{CA08C076-FB4E-4D2E-BFB9-E8F19D3E416E}.Release|Any CPU.ActiveCfg = Release|Any CPU
		{CA08C076-FB4E-4D2E-BFB9-E8F19D3E416E}.Release|Any CPU.Build.0 = Release|Any CPU
	EndGlobalSection
EndGlobal
